
Microsoft Visual Studio Solution File, Format Version 12.00
# Visual Studio Version 17
VisualStudioVersion = 17.8.34309.116
MinimumVisualStudioVersion = 10.0.40219.1
Project("{8BC9CEB8-8B4A-11D0-8D11-00A0C91BC942}") = "problema12stringuri", "problema12stringuri.vcxproj", "{7A4E5D1D-301E-47FA-B224-D67AB0AF601E}"
EndProject
Global
	GlobalSection(SolutionConfigurationPlatforms) = preSolution
		Debug|x64 = Debug|x64
		Debug|x86 = Debug|x86
		Release|x64 = Release|x64
		Release|x86 = Release|x86
	EndGlobalSection
	GlobalSection(ProjectConfigurationPlatforms) = postSolution
		{7A4E5D1D-301E-47FA-B224-D67AB0AF601E}.Debug|x64.ActiveCfg = Debug|x64
		{7A4E5D1D-301E-47FA-B224-D67AB0AF601E}.Debug|x64.Build.0 = Debug|x64
		{7A4E5D1D-301E-47FA-B224-D67AB0AF601E}.Debug|x86.ActiveCfg = Debug|Win32
		{7A4E5D1D-301E-47FA-B224-D67AB0AF601E}.Debug|x86.Build.0 = Debug|Win32
		{7A4E5D1D-301E-47FA-B224-D67AB0AF601E}.Release|x64.ActiveCfg = Release|x64
		{7A4E5D1D-301E-47FA-B224-D67AB0AF601E}.Release|x64.Build.0 = Release|x64
		{7A4E5D1D-301E-47FA-B224-D67AB0AF601E}.Release|x86.ActiveCfg = Release|Win32
		{7A4E5D1D-301E-47FA-B224-D67AB0AF601E}.Release|x86.Build.0 = Release|Win32
	EndGlobalSection
	GlobalSection(SolutionProperties) = preSolution
		HideSolutionNode = FALSE
	EndGlobalSection
	GlobalSection(ExtensibilityGlobals) = postSolution
		SolutionGuid = {40F66A89-E4C4-4E24-A0BF-FCC171282094}
	EndGlobalSection
EndGlobal
